PODS:
  - Flutter (1.0.0)
  - flutter_openvpn (0.0.1):
    - Flutter
  - OpenVPNAdapter (0.7.0):
    - OpenVPNAdapter/ASIO (= 0.7.0)
    - OpenVPNAdapter/LZ4 (= 0.7.0)
    - OpenVPNAdapter/mbedTLS (= 0.7.0)
    - OpenVPNAdapter/OpenVPN3 (= 0.7.0)
    - OpenVPNAdapter/OpenVPNAdapter (= 0.7.0)
    - OpenVPNAdapter/OpenVPNClient (= 0.7.0)
  - OpenVPNAdapter/ASIO (0.7.0)
  - OpenVPNAdapter/LZ4 (0.7.0)
  - OpenVPNAdapter/mbedTLS (0.7.0)
  - OpenVPNAdapter/OpenVPN3 (0.7.0)
  - OpenVPNAdapter/OpenVPNAdapter (0.7.0)
  - OpenVPNAdapter/OpenVPNClient (0.7.0)
  - shared_preferences (0.0.1):
    - Flutter
  - streaming_shared_preferences (0.0.1):
    - Flutter

DEPENDENCIES:
  - Flutter (from `Flutter`)
  - flutter_openvpn (from `.symlinks/plugins/flutter_openvpn/ios`)
  - OpenVPNAdapter (from `https://github.com/ss-abramchuk/OpenVPNAdapter.git`, tag `0.7.0`)
  - shared_preferences (from `.symlinks/plugins/shared_preferences/ios`)
  - streaming_shared_preferences (from `.symlinks/plugins/streaming_shared_preferences/ios`)

EXTERNAL SOURCES:
  Flutter:
    :path: Flutter
  flutter_openvpn:
    :path: ".symlinks/plugins/flutter_openvpn/ios"
  OpenVPNAdapter:
    :git: https://github.com/ss-abramchuk/OpenVPNAdapter.git
    :tag: 0.7.0
  shared_preferences:
    :path: ".symlinks/plugins/shared_preferences/ios"
  streaming_shared_preferences:
    :path: ".symlinks/plugins/streaming_shared_preferences/ios"

CHECKOUT OPTIONS:
  OpenVPNAdapter:
    :git: https://github.com/ss-abramchuk/OpenVPNAdapter.git
    :tag: 0.7.0

SPEC CHECKSUMS:
  Flutter: 0e3d915762c693b495b44d77113d4970485de6ec
  flutter_openvpn: 335293c5f1d77003967244406aa744da959f4aa8
  OpenVPNAdapter: 173fcc4c11a3a8a83ae8d250c079cdc5b9fb8ff1
  shared_preferences: af6bfa751691cdc24be3045c43ec037377ada40d
  streaming_shared_preferences: 69ffc44e137244d456ecaced2346ab6431246442

PODFILE CHECKSUM: 1b27cf9a470e7e4f6a2c054699ab9e3eb67ea72e

COCOAPODS: 1.10.0.beta.2
